
Microsoft Visual Studio Solution File, Format Version 12.00
# Visual Studio 15
VisualStudioVersion = 15.0.26228.9
MinimumVisualStudioVersion = 10.0.40219.1
Project("{9A19103F-16F7-4668-BE54-9A1E7A4F7556}") = "EconomicsWebApplication", "EconomicsWebApplication\EconomicsWebApplication.csproj", "{DD04CFEE-3177-4E7F-AB53-6B93696B17AF}"
EndProject
Project("{E24C65DC-7377-472B-9ABA-BC803B73C61A}") = "EcanomicsApp(1)", "..\EcanomicsApp\", "{2570A3A5-9EC7-4926-851C-9A48EC55B074}"
	ProjectSection(WebsiteProperties) = preProject
		TargetFrameworkMoniker = ".NETFramework,Version%3Dv4.5.2"
		Debug.AspNetCompiler.VirtualPath = "/localhost_62126"
		Debug.AspNetCompiler.PhysicalPath = "..\EcanomicsApp\"
		Debug.AspNetCompiler.TargetPath = "PrecompiledWeb\localhost_62126\"
		Debug.AspNetCompiler.Updateable = "true"
		Debug.AspNetCompiler.ForceOverwrite = "true"
		Debug.AspNetCompiler.FixedNames = "false"
		Debug.AspNetCompiler.Debug = "True"
		Release.AspNetCompiler.VirtualPath = "/localhost_62126"
		Release.AspNetCompiler.PhysicalPath = "..\EcanomicsApp\"
		Release.AspNetCompiler.TargetPath = "PrecompiledWeb\localhost_62126\"
		Release.AspNetCompiler.Updateable = "true"
		Release.AspNetCompiler.ForceOverwrite = "true"
		Release.AspNetCompiler.FixedNames = "false"
		Release.AspNetCompiler.Debug = "False"
		VWDPort = "62126"
		SlnRelativePath = "..\EcanomicsApp\"
	EndProjectSection
EndProject
Global
	GlobalSection(SolutionConfigurationPlatforms) = preSolution
		Debug|Any CPU = Debug|Any CPU
		Release|Any CPU = Release|Any CPU
	EndGlobalSection
	GlobalSection(ProjectConfigurationPlatforms) = postSolution
		{DD04CFEE-3177-4E7F-AB53-6B93696B17AF}.Debug|Any CPU.ActiveCfg = Debug|Any CPU
		{DD04CFEE-3177-4E7F-AB53-6B93696B17AF}.Debug|Any CPU.Build.0 = Debug|Any CPU
		{DD04CFEE-3177-4E7F-AB53-6B93696B17AF}.Release|Any CPU.ActiveCfg = Release|Any CPU
		{DD04CFEE-3177-4E7F-AB53-6B93696B17AF}.Release|Any CPU.Build.0 = Release|Any CPU
		{2570A3A5-9EC7-4926-851C-9A48EC55B074}.Debug|Any CPU.ActiveCfg = Debug|Any CPU
		{2570A3A5-9EC7-4926-851C-9A48EC55B074}.Debug|Any CPU.Build.0 = Debug|Any CPU
		{2570A3A5-9EC7-4926-851C-9A48EC55B074}.Release|Any CPU.ActiveCfg = Debug|Any CPU
		{2570A3A5-9EC7-4926-851C-9A48EC55B074}.Release|Any CPU.Build.0 = Debug|Any CPU
	EndGlobalSection
	GlobalSection(SolutionProperties) = preSolution
		HideSolutionNode = FALSE
	EndGlobalSection
EndGlobal
